github.com/jan-xyz/hugo-module-img-srcset v0.0.0-20201010232016-7ad169e5b28e h1:69//QLf9OHHn4A8ThtitnOB/aYunzmJhRojrDJA6GAE=
github.com/jan-xyz/hugo-module-img-srcset v0.0.0-20201010232016-7ad169e5b28e/go.mod h1:VljezNHqyfjk+/MYL0kp+GQvB9XnG2FFEGaqWj/DH+c=
github.com/jan-xyz/hugo-module-img-srcset v0.0.0-20201010232511-7603c5f3aadb h1:uUExh9apwFJWeEyi23oxk45vpfp4G0w7ulZdvoj+3Co=
github.com/jan-xyz/hugo-module-img-srcset v0.0.0-20201010232511-7603c5f3aadb/go.mod h1:VljezNHqyfjk+/MYL0kp+GQvB9XnG2FFEGaqWj/DH+c=
github.com/jan-xyz/hugo-module-img-srcset v1.0.0 h1:4lMr2dththWbYhJbwLIdBboaY38EKoFb1GRmWfTFp6Y=
github.com/jan-xyz/hugo-module-img-srcset v1.0.0/go.mod h1:VljezNHqyfjk+/MYL0kp+GQvB9XnG2FFEGaqWj/DH+c=
github.com/jan-xyz/hugo-module-img-srcset v1.0.1 h1:4fbmf8Z4j6ZeMAECTgHklWkEQ1P+pfhawNS8ngCuoIY=
github.com/jan-xyz/hugo-module-img-srcset v1.0.1/go.mod h1:VljezNHqyfjk+/MYL0kp+GQvB9XnG2FFEGaqWj/DH+c=
github.com/jan-xyz/hugo-module-img-srcset v1.0.2 h1:uIbPDC4dLt+b+1WsBUeVjqHAwLT1Mr8T53ji3gqAILk=
github.com/jan-xyz/hugo-module-img-srcset v1.0.2/go.mod h1:VljezNHqyfjk+/MYL0kp+GQvB9XnG2FFEGaqWj/DH+c=
github.com/theNewDynamic/gohugo-theme-ananke v2.6.6+incompatible h1:ZJYPPkCsz8Xggtujyj6pPP8eAPtsa4zpnP7HAWrX92E=
github.com/theNewDynamic/gohugo-theme-ananke v2.6.6+incompatible/go.mod h1:RlzLLao82tupbQFWEZtV9ibVqr9+2WYw31sCghz3n3Y=
